# This file is automatically @generated by Cargo.
# It is not intended for manual editing.
version = 4

[[package]]
name = "eltanin-agent-core"
version = "0.1.0"

[[package]]
name = "eltanin-backend-api"
version = "0.1.0"

[[package]]
name = "eltanin-cli"
version = "0.1.0"

[[package]]
name = "eltanin-domain"
version = "0.1.0"

[[package]]
name = "eltanin-identity"
version = "0.1.0"

[[package]]
name = "eltanin-lease"
version = "0.1.0"

[[package]]
name = "eltanin-policy"
version = "0.1.0"

[[package]]
name = "eltanin-protocol"
version = "0.1.0"

[[package]]
name = "eltanin-provenance"
version = "0.1.0"

[[package]]
name = "eltanin-resource"
version = "0.1.0"

[[package]]
name = "eltanin-simulator"
version = "0.1.0"
